Microsoft Visual Studio Solution File, Format Version 8.00
Project("{8BC9CEB8-8B4A-11D0-8D11-00A0C91BC942}") = "rts", "rts.vcproj", "{D5A0BE3B-A9E0-49CB-B9D0-6D3C6EA23DC5}"
	ProjectSection(ProjectDependencies) = postProject
	EndProjectSection
EndProject
Global
	GlobalSection(SolutionConfiguration) = preSolution
		Debug = Debug
		Release = Release
	EndGlobalSection
	GlobalSection(ProjectConfiguration) = postSolution
		{D5A0BE3B-A9E0-49CB-B9D0-6D3C6EA23DC5}.Debug.ActiveCfg = Debug|Win32
		{D5A0BE3B-A9E0-49CB-B9D0-6D3C6EA23DC5}.Debug.Build.0 = Debug|Win32
		{D5A0BE3B-A9E0-49CB-B9D0-6D3C6EA23DC5}.Release.ActiveCfg = Release|Win32
		{D5A0BE3B-A9E0-49CB-B9D0-6D3C6EA23DC5}.Release.Build.0 = Release|Win32
	EndGlobalSection
	GlobalSection(ExtensibilityGlobals) = postSolution
	EndGlobalSection
	GlobalSection(ExtensibilityAddIns) = postSolution
	EndGlobalSection
EndGlobal
